<Solution>
  <Folder Name="/src/">
    <Project Path="src/Example.Cqrs.Api/Example.Cqrs.Api.csproj" />
    <Project Path="src/Example.Cqrs.Application/Example.Cqrs.Application.csproj" />
    <Project Path="src/Example.Cqrs.Domain/Example.Cqrs.Domain.csproj" />
    <Project Path="src/Example.Cqrs.Infrastructure/Example.Cqrs.Infrastructure.csproj" />
  </Folder>
  <Folder Name="/tests/">
    <Project Path="tests/Example.Cqrs.Application.UnitTests/Example.Cqrs.Application.UnitTests.csproj" />
    <Project Path="tests/Example.Cqrs.Domain.UnitTests/Example.Cqrs.Domain.UnitTests.csproj" />
  </Folder>
</Solution>
